
Microsoft Visual Studio Solution File, Format Version 12.00
# Visual Studio Version 16
VisualStudioVersion = 16.0.29806.167
MinimumVisualStudioVersion = 10.0.40219.1
Project("{FAE04EC0-301F-11D3-BF4B-00C04F79EFBC}") = "Sample", "Sample\Sample.csproj", "{48B02B67-874D-4DF7-AADC-F321C6EA2550}"
EndProject
Global
	GlobalSection(SolutionConfigurationPlatforms) = preSolution
		Debug|Any CPU = Debug|Any CPU
		Release|Any CPU = Release|Any CPU
	EndGlobalSection
	GlobalSection(ProjectConfigurationPlatforms) = postSolution
		{48B02B67-874D-4DF7-AADC-F321C6EA2550}.Debug|Any CPU.ActiveCfg = Debug|Any CPU
		{48B02B67-874D-4DF7-AADC-F321C6EA2550}.Debug|Any CPU.Build.0 = Debug|Any CPU
		{48B02B67-874D-4DF7-AADC-F321C6EA2550}.Release|Any CPU.ActiveCfg = Release|Any CPU
		{48B02B67-874D-4DF7-AADC-F321C6EA2550}.Release|Any CPU.Build.0 = Release|Any CPU
	EndGlobalSection
	GlobalSection(SolutionProperties) = preSolution
		HideSolutionNode = FALSE
	EndGlobalSection
	GlobalSection(ExtensibilityGlobals) = postSolution
		SolutionGuid = {0D673951-D481-4EC2-BA5C-DF9265F421FD}
	EndGlobalSection
EndGlobal
